--- 
dependencies: 
  rails: 
    group: 
    - :default
    version: = 2.3.5
  whenever: 
    group: 
    - :default
    version: ">= 0"
  activemerchant: 
    group: 
    - :default
    version: ">= 0"
  taps: 
    group: 
    - :default
    version: ">= 0"
  facebooker: 
    group: 
    - :default
    version: ">= 0"
specs: 
- rake: 
    version: 0.8.7
- activesupport: 
    version: 2.3.5
- rack: 
    version: 1.0.1
- actionpack: 
    version: 2.3.5
- actionmailer: 
    version: 2.3.5
- builder: 
    version: 2.1.2
- braintree: 
    version: 2.5.2
- activemerchant: 
    version: 1.7.2
- activerecord: 
    version: 2.3.5
- activeresource: 
    version: 2.3.5
- json_pure: 
    version: 1.4.6
- rubyforge: 
    version: 2.0.4
- hoe: 
    version: 2.6.2
- chronic: 
    version: 0.2.3
- facebooker: 
    version: 1.0.75
- mime-types: 
    version: "1.16"
- rails: 
    version: 2.3.5
- rest-client: 
    version: 1.4.2
- sequel: 
    version: 3.13.0
- sinatra: 
    version: "1.0"
- sqlite3-ruby: 
    version: 1.3.1
- taps: 
    version: 0.3.11
- whenever: 
    version: 0.5.0
hash: c30d2d57317c4ebf5f4fbe2bdcd064ec2908c0c1
sources: 
- Rubygems: 
    uri: http://gemcutter.org
